
Microsoft Visual Studio Solution File, Format Version 12.00
# Visual Studio Version 17
VisualStudioVersion = 17.14.36623.8 d17.14
MinimumVisualStudioVersion = 10.0.40219.1
Project("{FAE04EC0-301F-11D3-BF4B-00C04F79EFBC}") = "GitHibTestingApp", "GitHibTestingApp.csproj", "{A847C7DC-6054-4AB8-9AE3-A39C21F9A5A5}"
EndProject
Project("{FAE04EC0-301F-11D3-BF4B-00C04F79EFBC}") = "MyApp.Tests", "MyApp.Tests\MyApp.Tests.csproj", "{93E050B4-6A11-4259-B654-9949A8DA2CEB}"
EndProject
Global
	GlobalSection(SolutionConfigurationPlatforms) = preSolution
		Debug|Any CPU = Debug|Any CPU
		Release|Any CPU = Release|Any CPU
	EndGlobalSection
	GlobalSection(ProjectConfigurationPlatforms) = postSolution
		{A847C7DC-6054-4AB8-9AE3-A39C21F9A5A5}.Debug|Any CPU.ActiveCfg = Debug|Any CPU
		{A847C7DC-6054-4AB8-9AE3-A39C21F9A5A5}.Debug|Any CPU.Build.0 = Debug|Any CPU
		{A847C7DC-6054-4AB8-9AE3-A39C21F9A5A5}.Release|Any CPU.ActiveCfg = Release|Any CPU
		{A847C7DC-6054-4AB8-9AE3-A39C21F9A5A5}.Release|Any CPU.Build.0 = Release|Any CPU
		{93E050B4-6A11-4259-B654-9949A8DA2CEB}.Debug|Any CPU.ActiveCfg = Debug|Any CPU
		{93E050B4-6A11-4259-B654-9949A8DA2CEB}.Debug|Any CPU.Build.0 = Debug|Any CPU
		{93E050B4-6A11-4259-B654-9949A8DA2CEB}.Release|Any CPU.ActiveCfg = Release|Any CPU
		{93E050B4-6A11-4259-B654-9949A8DA2CEB}.Release|Any CPU.Build.0 = Release|Any CPU
	EndGlobalSection
	GlobalSection(SolutionProperties) = preSolution
		HideSolutionNode = FALSE
	EndGlobalSection
	GlobalSection(ExtensibilityGlobals) = postSolution
		SolutionGuid = {7CB76E85-5B92-48A3-8C64-CFEA44EA4FC1}
	EndGlobalSection
EndGlobal
